
Microsoft Visual Studio Solution File, Format Version 12.00
Project("{2150E333-8FDC-42A3-9474-1A3956D46DE8}") = "SharedKernel", "SharedKernel", "{F5F14C96-C549-420F-A481-DA16D9B43DB9}"
EndProject
Project("{FAE04EC0-301F-11D3-BF4B-00C04F79EFBC}") = "FicloreApplication.SharedKernel.Domain", "FicloreApplication.SharedKernel.Domain\FicloreApplication.SharedKernel.Domain.csproj", "{3C534F3D-E54A-40F3-906E-A47D33CA1030}"
EndProject
Project("{FAE04EC0-301F-11D3-BF4B-00C04F79EFBC}") = "FicloreApplication.SharedKernel.Application", "FicloreApplication.SharedKernel.Application\FicloreApplication.SharedKernel.Application.csproj", "{D3FC23CE-42BC-4D51-A99D-FCE1FB82148E}"
EndProject
Project("{FAE04EC0-301F-11D3-BF4B-00C04F79EFBC}") = "FicloreApplication.SharedKernel.Infrastructure", "FicloreApplication.SharedKernel.Infrastructure\FicloreApplication.SharedKernel.Infrastructure.csproj", "{6BA6D9E8-5D82-42A4-8638-B62B31A15BFE}"
EndProject
Project("{FAE04EC0-301F-11D3-BF4B-00C04F79EFBC}") = "FicloreApplication.SharedKernel.EventBus", "FicloreApplication.SharedKernel.EventBus\FicloreApplication.SharedKernel.EventBus.csproj", "{E85E250C-9084-4367-BE63-A967C5344273}"
EndProject
Global
	GlobalSection(SolutionConfigurationPlatforms) = preSolution
		Debug|Any CPU = Debug|Any CPU
		Release|Any CPU = Release|Any CPU
	EndGlobalSection
	GlobalSection(ProjectConfigurationPlatforms) = postSolution
		{3C534F3D-E54A-40F3-906E-A47D33CA1030}.Debug|Any CPU.ActiveCfg = Debug|Any CPU
		{3C534F3D-E54A-40F3-906E-A47D33CA1030}.Debug|Any CPU.Build.0 = Debug|Any CPU
		{3C534F3D-E54A-40F3-906E-A47D33CA1030}.Release|Any CPU.ActiveCfg = Release|Any CPU
		{3C534F3D-E54A-40F3-906E-A47D33CA1030}.Release|Any CPU.Build.0 = Release|Any CPU
		{D3FC23CE-42BC-4D51-A99D-FCE1FB82148E}.Debug|Any CPU.ActiveCfg = Debug|Any CPU
		{D3FC23CE-42BC-4D51-A99D-FCE1FB82148E}.Debug|Any CPU.Build.0 = Debug|Any CPU
		{D3FC23CE-42BC-4D51-A99D-FCE1FB82148E}.Release|Any CPU.ActiveCfg = Release|Any CPU
		{D3FC23CE-42BC-4D51-A99D-FCE1FB82148E}.Release|Any CPU.Build.0 = Release|Any CPU
		{6BA6D9E8-5D82-42A4-8638-B62B31A15BFE}.Debug|Any CPU.ActiveCfg = Debug|Any CPU
		{6BA6D9E8-5D82-42A4-8638-B62B31A15BFE}.Debug|Any CPU.Build.0 = Debug|Any CPU
		{6BA6D9E8-5D82-42A4-8638-B62B31A15BFE}.Release|Any CPU.ActiveCfg = Release|Any CPU
		{6BA6D9E8-5D82-42A4-8638-B62B31A15BFE}.Release|Any CPU.Build.0 = Release|Any CPU
		{E85E250C-9084-4367-BE63-A967C5344273}.Debug|Any CPU.ActiveCfg = Debug|Any CPU
		{E85E250C-9084-4367-BE63-A967C5344273}.Debug|Any CPU.Build.0 = Debug|Any CPU
		{E85E250C-9084-4367-BE63-A967C5344273}.Release|Any CPU.ActiveCfg = Release|Any CPU
		{E85E250C-9084-4367-BE63-A967C5344273}.Release|Any CPU.Build.0 = Release|Any CPU
	EndGlobalSection
	GlobalSection(NestedProjects) = preSolution
		{3C534F3D-E54A-40F3-906E-A47D33CA1030} = {F5F14C96-C549-420F-A481-DA16D9B43DB9}
		{D3FC23CE-42BC-4D51-A99D-FCE1FB82148E} = {F5F14C96-C549-420F-A481-DA16D9B43DB9}
		{6BA6D9E8-5D82-42A4-8638-B62B31A15BFE} = {F5F14C96-C549-420F-A481-DA16D9B43DB9}
		{E85E250C-9084-4367-BE63-A967C5344273} = {F5F14C96-C549-420F-A481-DA16D9B43DB9}
	EndGlobalSection
EndGlobal
